
Microsoft Visual Studio Solution File, Format Version 12.00
# Visual Studio Version 17
VisualStudioVersion = 17.3.32819.101
MinimumVisualStudioVersion = 10.0.40219.1
Project("{9A19103F-16F7-4668-BE54-9A1E7A4F7556}") = "CryptoStuff", "CryptoStuff.csproj", "{62FB84AF-89E1-4201-8A30-0B51D8801062}"
EndProject
Global
	GlobalSection(SolutionConfigurationPlatforms) = preSolution
		Debug|Any CPU = Debug|Any CPU
		Release|Any CPU = Release|Any CPU
	EndGlobalSection
	GlobalSection(ProjectConfigurationPlatforms) = postSolution
		{62FB84AF-89E1-4201-8A30-0B51D8801062}.Debug|Any CPU.ActiveCfg = Debug|Any CPU
		{62FB84AF-89E1-4201-8A30-0B51D8801062}.Debug|Any CPU.Build.0 = Debug|Any CPU
		{62FB84AF-89E1-4201-8A30-0B51D8801062}.Release|Any CPU.ActiveCfg = Release|Any CPU
		{62FB84AF-89E1-4201-8A30-0B51D8801062}.Release|Any CPU.Build.0 = Release|Any CPU
	EndGlobalSection
	GlobalSection(SolutionProperties) = preSolution
		HideSolutionNode = FALSE
	EndGlobalSection
	GlobalSection(ExtensibilityGlobals) = postSolution
		SolutionGuid = {BB040BF6-AD03-4A31-A17D-C4CCB8C152C5}
	EndGlobalSection
EndGlobal
