
Microsoft Visual Studio Solution File, Format Version 12.00
# Visual Studio Version 17
VisualStudioVersion = 17.3.32811.315
MinimumVisualStudioVersion = 10.0.40219.1
Project("{9A19103F-16F7-4668-BE54-9A1E7A4F7556}") = "CoreFeatures", "CoreFeatures\CoreFeatures.csproj", "{3A1BF228-7CD8-42EC-8FD5-F2C9CF7FE049}"
EndProject
Project("{9A19103F-16F7-4668-BE54-9A1E7A4F7556}") = "WebApi", "WebApi\WebApi.csproj", "{8C15AC29-F42D-41EF-8575-06F34127CF59}"
EndProject
Project("{9A19103F-16F7-4668-BE54-9A1E7A4F7556}") = "HttpClientApp", "HttpClientApp\HttpClientApp.csproj", "{9176C426-FFE7-4060-BB62-C40ACC077E3B}"
EndProject
Project("{9A19103F-16F7-4668-BE54-9A1E7A4F7556}") = "CertificatesCrypto", "CertificatesCrypto\CertificatesCrypto.csproj", "{9E6FA2A5-4B9C-46D2-AB2C-BC35CC5B1466}"
EndProject
Project("{9A19103F-16F7-4668-BE54-9A1E7A4F7556}") = "FileSystem", "FileSystem\FileSystem.csproj", "{62F64DF0-D398-4BD6-B44D-BC91E6331DA7}"
EndProject
Project("{9A19103F-16F7-4668-BE54-9A1E7A4F7556}") = "Serializers", "Serializers\Serializers.csproj", "{1A590216-E0F4-43C2-AEE6-8DCF918DE2B6}"
EndProject
Project("{FAE04EC0-301F-11D3-BF4B-00C04F79EFBC}") = "GarbageMan", "GarbageMan\GarbageMan.csproj", "{0B48C3B0-5878-4A4A-B4F9-C502507DF708}"
EndProject
Global
	GlobalSection(SolutionConfigurationPlatforms) = preSolution
		Debug|Any CPU = Debug|Any CPU
		Release|Any CPU = Release|Any CPU
	EndGlobalSection
	GlobalSection(ProjectConfigurationPlatforms) = postSolution
		{3A1BF228-7CD8-42EC-8FD5-F2C9CF7FE049}.Debug|Any CPU.ActiveCfg = Debug|Any CPU
		{3A1BF228-7CD8-42EC-8FD5-F2C9CF7FE049}.Debug|Any CPU.Build.0 = Debug|Any CPU
		{3A1BF228-7CD8-42EC-8FD5-F2C9CF7FE049}.Release|Any CPU.ActiveCfg = Release|Any CPU
		{3A1BF228-7CD8-42EC-8FD5-F2C9CF7FE049}.Release|Any CPU.Build.0 = Release|Any CPU
		{8C15AC29-F42D-41EF-8575-06F34127CF59}.Debug|Any CPU.ActiveCfg = Debug|Any CPU
		{8C15AC29-F42D-41EF-8575-06F34127CF59}.Debug|Any CPU.Build.0 = Debug|Any CPU
		{8C15AC29-F42D-41EF-8575-06F34127CF59}.Release|Any CPU.ActiveCfg = Release|Any CPU
		{8C15AC29-F42D-41EF-8575-06F34127CF59}.Release|Any CPU.Build.0 = Release|Any CPU
		{9176C426-FFE7-4060-BB62-C40ACC077E3B}.Debug|Any CPU.ActiveCfg = Debug|Any CPU
		{9176C426-FFE7-4060-BB62-C40ACC077E3B}.Debug|Any CPU.Build.0 = Debug|Any CPU
		{9176C426-FFE7-4060-BB62-C40ACC077E3B}.Release|Any CPU.ActiveCfg = Release|Any CPU
		{9176C426-FFE7-4060-BB62-C40ACC077E3B}.Release|Any CPU.Build.0 = Release|Any CPU
		{9E6FA2A5-4B9C-46D2-AB2C-BC35CC5B1466}.Debug|Any CPU.ActiveCfg = Debug|Any CPU
		{9E6FA2A5-4B9C-46D2-AB2C-BC35CC5B1466}.Debug|Any CPU.Build.0 = Debug|Any CPU
		{9E6FA2A5-4B9C-46D2-AB2C-BC35CC5B1466}.Release|Any CPU.ActiveCfg = Release|Any CPU
		{9E6FA2A5-4B9C-46D2-AB2C-BC35CC5B1466}.Release|Any CPU.Build.0 = Release|Any CPU
		{62F64DF0-D398-4BD6-B44D-BC91E6331DA7}.Debug|Any CPU.ActiveCfg = Debug|Any CPU
		{62F64DF0-D398-4BD6-B44D-BC91E6331DA7}.Debug|Any CPU.Build.0 = Debug|Any CPU
		{62F64DF0-D398-4BD6-B44D-BC91E6331DA7}.Release|Any CPU.ActiveCfg = Release|Any CPU
		{62F64DF0-D398-4BD6-B44D-BC91E6331DA7}.Release|Any CPU.Build.0 = Release|Any CPU
		{1A590216-E0F4-43C2-AEE6-8DCF918DE2B6}.Debug|Any CPU.ActiveCfg = Debug|Any CPU
		{1A590216-E0F4-43C2-AEE6-8DCF918DE2B6}.Debug|Any CPU.Build.0 = Debug|Any CPU
		{1A590216-E0F4-43C2-AEE6-8DCF918DE2B6}.Release|Any CPU.ActiveCfg = Release|Any CPU
		{1A590216-E0F4-43C2-AEE6-8DCF918DE2B6}.Release|Any CPU.Build.0 = Release|Any CPU
		{0B48C3B0-5878-4A4A-B4F9-C502507DF708}.Debug|Any CPU.ActiveCfg = Debug|Any CPU
		{0B48C3B0-5878-4A4A-B4F9-C502507DF708}.Debug|Any CPU.Build.0 = Debug|Any CPU
		{0B48C3B0-5878-4A4A-B4F9-C502507DF708}.Release|Any CPU.ActiveCfg = Release|Any CPU
		{0B48C3B0-5878-4A4A-B4F9-C502507DF708}.Release|Any CPU.Build.0 = Release|Any CPU
	EndGlobalSection
	GlobalSection(SolutionProperties) = preSolution
		HideSolutionNode = FALSE
	EndGlobalSection
	GlobalSection(ExtensibilityGlobals) = postSolution
		SolutionGuid = {4D49E373-5E81-4A33-B643-918ED01D324B}
	EndGlobalSection
EndGlobal
